
Microsoft Visual Studio Solution File, Format Version 12.00
# Visual Studio Version 17
VisualStudioVersion = 17.6.33815.320
MinimumVisualStudioVersion = 10.0.40219.1
Project("{FAE04EC0-301F-11D3-BF4B-00C04F79EFBC}") = "Planner", "Planner\Planner.csproj", "{1017EE50-06B9-4131-8312-16D3E11783E1}"
EndProject
Global
	GlobalSection(SolutionConfigurationPlatforms) = preSolution
		Debug|Any CPU = Debug|Any CPU
		Release|Any CPU = Release|Any CPU
	EndGlobalSection
	GlobalSection(ProjectConfigurationPlatforms) = postSolution
		{1017EE50-06B9-4131-8312-16D3E11783E1}.Debug|Any CPU.ActiveCfg = Debug|Any CPU
		{1017EE50-06B9-4131-8312-16D3E11783E1}.Debug|Any CPU.Build.0 = Debug|Any CPU
		{1017EE50-06B9-4131-8312-16D3E11783E1}.Release|Any CPU.ActiveCfg = Release|Any CPU
		{1017EE50-06B9-4131-8312-16D3E11783E1}.Release|Any CPU.Build.0 = Release|Any CPU
	EndGlobalSection
	GlobalSection(SolutionProperties) = preSolution
		HideSolutionNode = FALSE
	EndGlobalSection
	GlobalSection(ExtensibilityGlobals) = postSolution
		SolutionGuid = {E7A9ABCD-6E98-4515-BABB-387841A682AA}
	EndGlobalSection
EndGlobal
